// !$*UTF8*$!
{
	archiveVersion = 1;
	classes = {
	};
	objectVersion = 55;
	objects = {

/* Begin PBXBuildFile section */
		D8A9E267286A0E4F000ACF9A /* AppDelegate.m in Sources */ = {isa = PBXBuildFile; fileRef = D8A9E266286A0E4F000ACF9A /* AppDelegate.m */; };
		D8A9E26A286A0E4F000ACF9A /* SceneDelegate.m in Sources */ = {isa = PBXBuildFile; fileRef = D8A9E269286A0E4F000ACF9A /* SceneDelegate.m */; };
		D8A9E26D286A0E4F000ACF9A /* ViewController.m in Sources */ = {isa = PBXBuildFile; fileRef = D8A9E26C286A0E4F000ACF9A /* ViewController.m */; };
		D8A9E270286A0E4F000ACF9A /* Main.storyboard in Resources */ = {isa = PBXBuildFile; fileRef = D8A9E26E286A0E4F000ACF9A /* Main.storyboard */; };
		D8A9E272286A0E50000ACF9A /* Assets.xcassets in Resources */ = {isa = PBXBuildFile; fileRef = D8A9E271286A0E50000ACF9A /* Assets.xcassets */; };
		D8A9E275286A0E50000ACF9A /* LaunchScreen.storyboard in Resources */ = {isa = PBXBuildFile; fileRef = D8A9E273286A0E50000ACF9A /* LaunchScreen.storyboard */; };
		D8A9E278286A0E50000ACF9A /* main.m in Sources */ = {isa = PBXBuildFile; fileRef = D8A9E277286A0E50000ACF9A /* main.m */; };
		D8A9E282286A0E51000ACF9A /* Parse_ChatTests.m in Sources */ = {isa = PBXBuildFile; fileRef = D8A9E281286A0E51000ACF9A /* Parse_ChatTests.m */; };
		D8A9E28C286A0E51000ACF9A /* Parse_ChatUITests.m in Sources */ = {isa = PBXBuildFile; fileRef = D8A9E28B286A0E51000ACF9A /* Parse_ChatUITests.m */; };
		D8A9E28E286A0E51000ACF9A /* Parse_ChatUITestsLaunchTests.m in Sources */ = {isa = PBXBuildFile; fileRef = D8A9E28D286A0E51000ACF9A /* Parse_ChatUITestsLaunchTests.m */; };
/* End PBXBuildFile section */

/* Begin PBXContainerItemProxy section */
		D8A9E27E286A0E51000ACF9A /* PBXContainerItemProxy */ = {
			isa = PBXContainerItemProxy;
			containerPortal = D8A9E25A286A0E4F000ACF9A /* Project object */;
			proxyType = 1;
			remoteGlobalIDString = D8A9E261286A0E4F000ACF9A;
			remoteInfo = "Parse Chat";
		};
		D8A9E288286A0E51000ACF9A /* PBXContainerItemProxy */ = {
			isa = PBXContainerItemProxy;
			containerPortal = D8A9E25A286A0E4F000ACF9A /* Project object */;
			proxyType = 1;
			remoteGlobalIDString = D8A9E261286A0E4F000ACF9A;
			remoteInfo = "Parse Chat";
		};
/* End PBXContainerItemProxy section */

/* Begin PBXFileReference section */
		D8A9E262286A0E4F000ACF9A /* Parse Chat.app */ = {isa = PBXFileReference; explicitFileType = wrapper.application; includeInIndex = 0; path = "Parse Chat.app"; sourceTree = BUILT_PRODUCTS_DIR; };
		D8A9E265286A0E4F000ACF9A /* AppDelegate.h */ = {isa = PBXFileReference; lastKnownFileType = sourcecode.c.h; path = AppDelegate.h; sourceTree = "<group>"; };
		D8A9E266286A0E4F000ACF9A /* AppDelegate.m */ = {isa = PBXFileReference; lastKnownFileType = sourcecode.c.objc; path = AppDelegate.m; sourceTree = "<group>"; };
		D8A9E268286A0E4F000ACF9A /* SceneDelegate.h */ = {isa = PBXFileReference; lastKnownFileType = sourcecode.c.h; path = SceneDelegate.h; sourceTree = "<group>"; };
		D8A9E269286A0E4F000ACF9A /* SceneDelegate.m */ = {isa = PBXFileReference; lastKnownFileType = sourcecode.c.objc; path = SceneDelegate.m; sourceTree = "<group>"; };
		D8A9E26B286A0E4F000ACF9A /* ViewController.h */ = {isa = PBXFileReference; lastKnownFileType = sourcecode.c.h; path = ViewController.h; sourceTree = "<group>"; };
		D8A9E26C286A0E4F000ACF9A /* ViewController.m */ = {isa = PBXFileReference; lastKnownFileType = sourcecode.c.objc; path = ViewController.m; sourceTree = "<group>"; };
		D8A9E26F286A0E4F000ACF9A /* Base */ = {isa = PBXFileReference; lastKnownFileType = file.storyboard; name = Base; path = Base.lproj/Main.storyboard; sourceTree = "<group>"; };
		D8A9E271286A0E50000ACF9A /* Assets.xcassets */ = {isa = PBXFileReference; lastKnownFileType = folder.assetcatalog; path = Assets.xcassets; sourceTree = "<group>"; };
		D8A9E274286A0E50000ACF9A /* Base */ = {isa = PBXFileReference; lastKnownFileType = file.storyboard; name = Base; path = Base.lproj/LaunchScreen.storyboard; sourceTree = "<group>"; };
		D8A9E276286A0E50000ACF9A /* Info.plist */ = {isa = PBXFileReference; lastKnownFileType = text.plist.xml; path = Info.plist; sourceTree = "<group>"; };
		D8A9E277286A0E50000ACF9A /* main.m */ = {isa = PBXFileReference; lastKnownFileType = sourcecode.c.objc; path = main.m; sourceTree = "<group>"; };
		D8A9E27D286A0E51000ACF9A /* Parse ChatTests.xctest */ = {isa = PBXFileReference; explicitFileType = wrapper.cfbundle; includeInIndex = 0; path = "Parse ChatTests.xctest"; sourceTree = BUILT_PRODUCTS_DIR; };
		D8A9E281286A0E51000ACF9A /* Parse_ChatTests.m */ = {isa = PBXFileReference; lastKnownFileType = sourcecode.c.objc; path = Parse_ChatTests.m; sourceTree = "<group>"; };
		D8A9E287286A0E51000ACF9A /* Parse ChatUITests.xctest */ = {isa = PBXFileReference; explicitFileType = wrapper.cfbundle; includeInIndex = 0; path = "Parse ChatUITests.xctest"; sourceTree = BUILT_PRODUCTS_DIR; };
		D8A9E28B286A0E51000ACF9A /* Parse_ChatUITests.m */ = {isa = PBXFileReference; lastKnownFileType = sourcecode.c.objc; path = Parse_ChatUITests.m; sourceTree = "<group>"; };
		D8A9E28D286A0E51000ACF9A /* Parse_ChatUITestsLaunchTests.m */ = {isa = PBXFileReference; lastKnownFileType = sourcecode.c.objc; path = Parse_ChatUITestsLaunchTests.m; sourceTree = "<group>"; };
/* End PBXFileReference section */

/* Begin PBXFrameworksBuildPhase section */
		D8A9E25F286A0E4F000ACF9A /* Frameworks */ = {
			isa = PBXFrameworksBuildPhase;
			buildActionMask = 2147483647;
			files = (
			);
			runOnlyForDeploymentPostprocessing = 0;
		};
		D8A9E27A286A0E51000ACF9A /* Frameworks */ = {
			isa = PBXFrameworksBuildPhase;
			buildActionMask = 2147483647;
			files = (
			);
			runOnlyForDeploymentPostprocessing = 0;
		};
		D8A9E284286A0E51000ACF9A /* Frameworks */ = {
			isa = PBXFrameworksBuildPhase;
			buildActionMask = 2147483647;
			files = (
			);
			runOnlyForDeploymentPostprocessing = 0;
		};
/* End PBXFrameworksBuildPhase section */

/* Begin PBXGroup section */
		D8A9E259286A0E4F000ACF9A = {
			isa = PBXGroup;
			children = (
				D8A9E264286A0E4F000ACF9A /* Parse Chat */,
				D8A9E280286A0E51000ACF9A /* Parse ChatTests */,
				D8A9E28A286A0E51000ACF9A /* Parse ChatUITests */,
				D8A9E263286A0E4F000ACF9A /* Products */,
			);
			sourceTree = "<group>";
		};
		D8A9E263286A0E4F000ACF9A /* Products */ = {
			isa = PBXGroup;
			children = (
				D8A9E262286A0E4F000ACF9A /* Parse Chat.app */,
				D8A9E27D286A0E51000ACF9A /* Parse ChatTests.xctest */,
				D8A9E287286A0E51000ACF9A /* Parse ChatUITests.xctest */,
			);
			name = Products;
			sourceTree = "<group>";
		};
		D8A9E264286A0E4F000ACF9A /* Parse Chat */ = {
			isa = PBXGroup;
			children = (
				D8A9E265286A0E4F000ACF9A /* AppDelegate.h */,
				D8A9E266286A0E4F000ACF9A /* AppDelegate.m */,
				D8A9E268286A0E4F000ACF9A /* SceneDelegate.h */,
				D8A9E269286A0E4F000ACF9A /* SceneDelegate.m */,
				D8A9E26B286A0E4F000ACF9A /* ViewController.h */,
				D8A9E26C286A0E4F000ACF9A /* ViewController.m */,
				D8A9E26E286A0E4F000ACF9A /* Main.storyboard */,
				D8A9E271286A0E50000ACF9A /* Assets.xcassets */,
				D8A9E273286A0E50000ACF9A /* LaunchScreen.storyboard */,
				D8A9E276286A0E50000ACF9A /* Info.plist */,
				D8A9E277286A0E50000ACF9A /* main.m */,
			);
			path = "Parse Chat";
			sourceTree = "<group>";
		};
		D8A9E280286A0E51000ACF9A /* Parse ChatTests */ = {
			isa = PBXGroup;
			children = (
				D8A9E281286A0E51000ACF9A /* Parse_ChatTests.m */,
			);
			path = "Parse ChatTests";
			sourceTree = "<group>";
		};
		D8A9E28A286A0E51000ACF9A /* Parse ChatUITests */ = {
			isa = PBXGroup;
			children = (
				D8A9E28B286A0E51000ACF9A /* Parse_ChatUITests.m */,
				D8A9E28D286A0E51000ACF9A /* Parse_ChatUITestsLaunchTests.m */,
			);
			path = "Parse ChatUITests";
			sourceTree = "<group>";
		};
/* End PBXGroup section */

/* Begin PBXNativeTarget section */
		D8A9E261286A0E4F000ACF9A /* Parse Chat */ = {
			isa = PBXNativeTarget;
			buildConfigurationList = D8A9E291286A0E51000ACF9A /* Build configuration list for PBXNativeTarget "Parse Chat" */;
			buildPhases = (
				D8A9E25E286A0E4F000ACF9A /* Sources */,
				D8A9E25F286A0E4F000ACF9A /* Frameworks */,
				D8A9E260286A0E4F000ACF9A /* Resources */,
			);
			buildRules = (
			);
			dependencies = (
			);
			name = "Parse Chat";
			productName = "Parse Chat";
			productReference = D8A9E262286A0E4F000ACF9A /* Parse Chat.app */;
			productType = "com.apple.product-type.application";
		};
		D8A9E27C286A0E51000ACF9A /* Parse ChatTests */ = {
			isa = PBXNativeTarget;
			buildConfigurationList = D8A9E294286A0E51000ACF9A /* Build configuration list for PBXNativeTarget "Parse ChatTests" */;
			buildPhases = (
				D8A9E279286A0E51000ACF9A /* Sources */,
				D8A9E27A286A0E51000ACF9A /* Frameworks */,
				D8A9E27B286A0E51000ACF9A /* Resources */,
			);
			buildRules = (
			);
			dependencies = (
				D8A9E27F286A0E51000ACF9A /* PBXTargetDependency */,
			);
			name = "Parse ChatTests";
			productName = "Parse ChatTests";
			productReference = D8A9E27D286A0E51000ACF9A /* Parse ChatTests.xctest */;
			productType = "com.apple.product-type.bundle.unit-test";
		};
		D8A9E286286A0E51000ACF9A /* Parse ChatUITests */ = {
			isa = PBXNativeTarget;
			buildConfigurationList = D8A9E297286A0E51000ACF9A /* Build configuration list for PBXNativeTarget "Parse ChatUITests" */;
			buildPhases = (
				D8A9E283286A0E51000ACF9A /* Sources */,
				D8A9E284286A0E51000ACF9A /* Frameworks */,
				D8A9E285286A0E51000ACF9A /* Resources */,
			);
			buildRules = (
			);
			dependencies = (
				D8A9E289286A0E51000ACF9A /* PBXTargetDependency */,
			);
			name = "Parse ChatUITests";
			productName = "Parse ChatUITests";
			productReference = D8A9E287286A0E51000ACF9A /* Parse ChatUITests.xctest */;
			productType = "com.apple.product-type.bundle.ui-testing";
		};
/* End PBXNativeTarget section */

/* Begin PBXProject section */
		D8A9E25A286A0E4F000ACF9A /* Project object */ = {
			isa = PBXProject;
			attributes = {
				BuildIndependentTargetsInParallel = 1;
				LastUpgradeCheck = 1340;
				TargetAttributes = {
					D8A9E261286A0E4F000ACF9A = {
						CreatedOnToolsVersion = 13.4;
					};
					D8A9E27C286A0E51000ACF9A = {
						CreatedOnToolsVersion = 13.4;
						TestTargetID = D8A9E261286A0E4F000ACF9A;
					};
					D8A9E286286A0E51000ACF9A = {
						CreatedOnToolsVersion = 13.4;
						TestTargetID = D8A9E261286A0E4F000ACF9A;
					};
				};
			};
			buildConfigurationList = D8A9E25D286A0E4F000ACF9A /* Build configuration list for PBXProject "Parse Chat" */;
			compatibilityVersion = "Xcode 13.0";
			developmentRegion = en;
			hasScannedForEncodings = 0;
			knownRegions = (
				en,
				Base,
			);
			mainGroup = D8A9E259286A0E4F000ACF9A;
			productRefGroup = D8A9E263286A0E4F000ACF9A /* Products */;
			projectDirPath = "";
			projectRoot = "";
			targets = (
				D8A9E261286A0E4F000ACF9A /* Parse Chat */,
				D8A9E27C286A0E51000ACF9A /* Parse ChatTests */,
				D8A9E286286A0E51000ACF9A /* Parse ChatUITests */,
			);
		};
/* End PBXProject section */

/* Begin PBXResourcesBuildPhase section */
		D8A9E260286A0E4F000ACF9A /* Resources */ = {
			isa = PBXResourcesBuildPhase;
			buildActionMask = 2147483647;
			files = (
				D8A9E275286A0E50000ACF9A /* LaunchScreen.storyboard in Resources */,
				D8A9E272286A0E50000ACF9A /* Assets.xcassets in Resources */,
				D8A9E270286A0E4F000ACF9A /* Main.storyboard in Resources */,
			);
			runOnlyForDeploymentPostprocessing = 0;
		};
		D8A9E27B286A0E51000ACF9A /* Resources */ = {
			isa = PBXResourcesBuildPhase;
			buildActionMask = 2147483647;
			files = (
			);
			runOnlyForDeploymentPostprocessing = 0;
		};
		D8A9E285286A0E51000ACF9A /* Resources */ = {
			isa = PBXResourcesBuildPhase;
			buildActionMask = 2147483647;
			files = (
			);
			runOnlyForDeploymentPostprocessing = 0;
		};
/* End PBXResourcesBuildPhase section */

/* Begin PBXSourcesBuildPhase section */
		D8A9E25E286A0E4F000ACF9A /* Sources */ = {
			isa = PBXSourcesBuildPhase;
			buildActionMask = 2147483647;
			files = (
				D8A9E26D286A0E4F000ACF9A /* ViewController.m in Sources */,
				D8A9E267286A0E4F000ACF9A /* AppDelegate.m in Sources */,
				D8A9E278286A0E50000ACF9A /* main.m in Sources */,
				D8A9E26A286A0E4F000ACF9A /* SceneDelegate.m in Sources */,
			);
			runOnlyForDeploymentPostprocessing = 0;
		};
		D8A9E279286A0E51000ACF9A /* Sources */ = {
			isa = PBXSourcesBuildPhase;
			buildActionMask = 2147483647;
			files = (
				D8A9E282286A0E51000ACF9A /* Parse_ChatTests.m in Sources */,
			);
			runOnlyForDeploymentPostprocessing = 0;
		};
		D8A9E283286A0E51000ACF9A /* Sources */ = {
			isa = PBXSourcesBuildPhase;
			buildActionMask = 2147483647;
			files = (
				D8A9E28E286A0E51000ACF9A /* Parse_ChatUITestsLaunchTests.m in Sources */,
				D8A9E28C286A0E51000ACF9A /* Parse_ChatUITests.m in Sources */,
			);
			runOnlyForDeploymentPostprocessing = 0;
		};
/* End PBXSourcesBuildPhase section */

/* Begin PBXTargetDependency section */
		D8A9E27F286A0E51000ACF9A /* PBXTargetDependency */ = {
			isa = PBXTargetDependency;
			target = D8A9E261286A0E4F000ACF9A /* Parse Chat */;
			targetProxy = D8A9E27E286A0E51000ACF9A /* PBXContainerItemProxy */;
		};
		D8A9E289286A0E51000ACF9A /* PBXTargetDependency */ = {
			isa = PBXTargetDependency;
			target = D8A9E261286A0E4F000ACF9A /* Parse Chat */;
			targetProxy = D8A9E288286A0E51000ACF9A /* PBXContainerItemProxy */;
		};
/* End PBXTargetDependency section */

/* Begin PBXVariantGroup section */
		D8A9E26E286A0E4F000ACF9A /* Main.storyboard */ = {
			isa = PBXVariantGroup;
			children = (
				D8A9E26F286A0E4F000ACF9A /* Base */,
			);
			name = Main.storyboard;
			sourceTree = "<group>";
		};
		D8A9E273286A0E50000ACF9A /* LaunchScreen.storyboard */ = {
			isa = PBXVariantGroup;
			children = (
				D8A9E274286A0E50000ACF9A /* Base */,
			);
			name = LaunchScreen.storyboard;
			sourceTree = "<group>";
		};
/* End PBXVariantGroup section */

/* Begin XCBuildConfiguration section */
		D8A9E28F286A0E51000ACF9A /* Debug */ = {
			isa = XCBuildConfiguration;
			buildSettings = {
				ALWAYS_SEARCH_USER_PATHS = NO;
				CLANG_ANALYZER_NONNULL = YES;
				CLANG_ANALYZER_NUMBER_OBJECT_CONVERSION = YES_AGGRESSIVE;
				CLANG_CXX_LANGUAGE_STANDARD = "gnu++17";
				CLANG_ENABLE_MODULES = YES;
				CLANG_ENABLE_OBJC_ARC = YES;
				CLANG_ENABLE_OBJC_WEAK = YES;
				CLANG_WARN_BLOCK_CAPTURE_AUTORELEASING = YES;
				CLANG_WARN_BOOL_CONVERSION = YES;
				CLANG_WARN_COMMA = YES;
				CLANG_WARN_CONSTANT_CONVERSION = YES;
				CLANG_WARN_DEPRECATED_OBJC_IMPLEMENTATIONS = YES;
				CLANG_WARN_DIRECT_OBJC_ISA_USAGE = YES_ERROR;
				CLANG_WARN_DOCUMENTATION_COMMENTS = YES;
				CLANG_WARN_EMPTY_BODY = YES;
				CLANG_WARN_ENUM_CONVERSION = YES;
				CLANG_WARN_INFINITE_RECURSION = YES;
				CLANG_WARN_INT_CONVERSION = YES;
				CLANG_WARN_NON_LITERAL_NULL_CONVERSION = YES;
				CLANG_WARN_OBJC_IMPLICIT_RETAIN_SELF = YES;
				CLANG_WARN_OBJC_LITERAL_CONVERSION = YES;
				CLANG_WARN_OBJC_ROOT_CLASS = YES_ERROR;
				CLANG_WARN_QUOTED_INCLUDE_IN_FRAMEWORK_HEADER = YES;
				CLANG_WARN_RANGE_LOOP_ANALYSIS = YES;
				CLANG_WARN_STRICT_PROTOTYPES = YES;
				CLANG_WARN_SUSPICIOUS_MOVE = YES;
				CLANG_WARN_UNGUARDED_AVAILABILITY = YES_AGGRESSIVE;
				CLANG_WARN_UNREACHABLE_CODE = YES;
				CLANG_WARN__DUPLICATE_METHOD_MATCH = YES;
				COPY_PHASE_STRIP = NO;
				DEBUG_INFORMATION_FORMAT = dwarf;
				ENABLE_STRICT_OBJC_MSGSEND = YES;
				ENABLE_TESTABILITY = YES;
				GCC_C_LANGUAGE_STANDARD = gnu11;
				GCC_DYNAMIC_NO_PIC = NO;
				GCC_NO_COMMON_BLOCKS = YES;
				GCC_OPTIMIZATION_LEVEL = 0;
				GCC_PREPROCESSOR_DEFINITIONS = (
					"DEBUG=1",
					"$(inherited)",
				);
				GCC_WARN_64_TO_32_BIT_CONVERSION = YES;
				GCC_WARN_ABOUT_RETURN_TYPE = YES_ERROR;
				GCC_WARN_UNDECLARED_SELECTOR = YES;
				GCC_WARN_UNINITIALIZED_AUTOS = YES_AGGRESSIVE;
				GCC_WARN_UNUSED_FUNCTION = YES;
				GCC_WARN_UNUSED_VARIABLE = YES;
				IPHONEOS_DEPLOYMENT_TARGET = 15.5;
				MTL_ENABLE_DEBUG_INFO = INCLUDE_SOURCE;
				MTL_FAST_MATH = YES;
				ONLY_ACTIVE_ARCH = YES;
				SDKROOT = iphoneos;
			};
			name = Debug;
		};
		D8A9E290286A0E51000ACF9A /* Release */ = {
			isa = XCBuildConfiguration;
			buildSettings = {
				ALWAYS_SEARCH_USER_PATHS = NO;
				CLANG_ANALYZER_NONNULL = YES;
				CLANG_ANALYZER_NUMBER_OBJECT_CONVERSION = YES_AGGRESSIVE;
				CLANG_CXX_LANGUAGE_STANDARD = "gnu++17";
				CLANG_ENABLE_MODULES = YES;
				CLANG_ENABLE_OBJC_ARC = YES;
				CLANG_ENABLE_OBJC_WEAK = YES;
				CLANG_WARN_BLOCK_CAPTURE_AUTORELEASING = YES;
				CLANG_WARN_BOOL_CONVERSION = YES;
				CLANG_WARN_COMMA = YES;
				CLANG_WARN_CONSTANT_CONVERSION = YES;
				CLANG_WARN_DEPRECATED_OBJC_IMPLEMENTATIONS = YES;
				CLANG_WARN_DIRECT_OBJC_ISA_USAGE = YES_ERROR;
				CLANG_WARN_DOCUMENTATION_COMMENTS = YES;
				CLANG_WARN_EMPTY_BODY = YES;
				CLANG_WARN_ENUM_CONVERSION = YES;
				CLANG_WARN_INFINITE_RECURSION = YES;
				CLANG_WARN_INT_CONVERSION = YES;
				CLANG_WARN_NON_LITERAL_NULL_CONVERSION = YES;
				CLANG_WARN_OBJC_IMPLICIT_RETAIN_SELF = YES;
				CLANG_WARN_OBJC_LITERAL_CONVERSION = YES;
				CLANG_WARN_OBJC_ROOT_CLASS = YES_ERROR;
				CLANG_WARN_QUOTED_INCLUDE_IN_FRAMEWORK_HEADER = YES;
				CLANG_WARN_RANGE_LOOP_ANALYSIS = YES;
				CLANG_WARN_STRICT_PROTOTYPES = YES;
				CLANG_WARN_SUSPICIOUS_MOVE = YES;
				CLANG_WARN_UNGUARDED_AVAILABILITY = YES_AGGRESSIVE;
				CLANG_WARN_UNREACHABLE_CODE = YES;
				CLANG_WARN__DUPLICATE_METHOD_MATCH = YES;
				COPY_PHASE_STRIP = NO;
				DEBUG_INFORMATION_FORMAT = "dwarf-with-dsym";
				ENABLE_NS_ASSERTIONS = NO;
				ENABLE_STRICT_OBJC_MSGSEND = YES;
				GCC_C_LANGUAGE_STANDARD = gnu11;
				GCC_NO_COMMON_BLOCKS = YES;
				GCC_WARN_64_TO_32_BIT_CONVERSION = YES;
				GCC_WARN_ABOUT_RETURN_TYPE = YES_ERROR;
				GCC_WARN_UNDECLARED_SELECTOR = YES;
				GCC_WARN_UNINITIALIZED_AUTOS = YES_AGGRESSIVE;
				GCC_WARN_UNUSED_FUNCTION = YES;
				GCC_WARN_UNUSED_VARIABLE = YES;
				IPHONEOS_DEPLOYMENT_TARGET = 15.5;
				MTL_ENABLE_DEBUG_INFO = NO;
				MTL_FAST_MATH = YES;
				SDKROOT = iphoneos;
				VALIDATE_PRODUCT = YES;
			};
			name = Release;
		};
		D8A9E292286A0E51000ACF9A /* Debug */ = {
			isa = XCBuildConfiguration;
			buildSettings = {
				ASSETCATALOG_COMPILER_APPICON_NAME = AppIcon;
				ASSETCATALOG_COMPILER_GLOBAL_ACCENT_COLOR_NAME = AccentColor;
				CODE_SIGN_STYLE = Automatic;
				CURRENT_PROJECT_VERSION = 1;
				DEVELOPMENT_TEAM = QHGU34F67Y;
				GENERATE_INFOPLIST_FILE = YES;
				INFOPLIST_FILE = "Parse Chat/Info.plist";
				INFOPLIST_KEY_UIApplicationSupportsIndirectInputEvents = YES;
				INFOPLIST_KEY_UILaunchStoryboardName = LaunchScreen;
				INFOPLIST_KEY_UIMainStoryboardFile = Main;
				INFOPLIST_KEY_UISupportedInterfaceOrientations_iPad = "UIInterfaceOrientationPortrait UIInterfaceOrientationPortraitUpsideDown UIInterfaceOrientationLandscapeLeft UIInterfaceOrientationLandscapeRight";
				INFOPLIST_KEY_UISupportedInterfaceOrientations_iPhone = "UIInterfaceOrientationPortrait UIInterfaceOrientationLandscapeLeft UIInterfaceOrientationLandscapeRight";
				LD_RUNPATH_SEARCH_PATHS = (
					"$(inherited)",
					"@executable_path/Frameworks",
				);
				MARKETING_VERSION = 1.0;
				PRODUCT_BUNDLE_IDENTIFIER = "com.lilyyang.Parse-Chat";
				PRODUCT_NAME = "$(TARGET_NAME)";
				SWIFT_EMIT_LOC_STRINGS = YES;
				TARGETED_DEVICE_FAMILY = "1,2";
			};
			name = Debug;
		};
		D8A9E293286A0E51000ACF9A /* Release */ = {
			isa = XCBuildConfiguration;
			buildSettings = {
				ASSETCATALOG_COMPILER_APPICON_NAME = AppIcon;
				ASSETCATALOG_COMPILER_GLOBAL_ACCENT_COLOR_NAME = AccentColor;
				CODE_SIGN_STYLE = Automatic;
				CURRENT_PROJECT_VERSION = 1;
				DEVELOPMENT_TEAM = QHGU34F67Y;
				GENERATE_INFOPLIST_FILE = YES;
				INFOPLIST_FILE = "Parse Chat/Info.plist";
				INFOPLIST_KEY_UIApplicationSupportsIndirectInputEvents = YES;
				INFOPLIST_KEY_UILaunchStoryboardName = LaunchScreen;
				INFOPLIST_KEY_UIMainStoryboardFile = Main;
				INFOPLIST_KEY_UISupportedInterfaceOrientations_iPad = "UIInterfaceOrientationPortrait UIInterfaceOrientationPortraitUpsideDown UIInterfaceOrientationLandscapeLeft UIInterfaceOrientationLandscapeRight";
				INFOPLIST_KEY_UISupportedInterfaceOrientations_iPhone = "UIInterfaceOrientationPortrait UIInterfaceOrientationLandscapeLeft UIInterfaceOrientationLandscapeRight";
				LD_RUNPATH_SEARCH_PATHS = (
					"$(inherited)",
					"@executable_path/Frameworks",
				);
				MARKETING_VERSION = 1.0;
				PRODUCT_BUNDLE_IDENTIFIER = "com.lilyyang.Parse-Chat";
				PRODUCT_NAME = "$(TARGET_NAME)";
				SWIFT_EMIT_LOC_STRINGS = YES;
				TARGETED_DEVICE_FAMILY = "1,2";
			};
			name = Release;
		};
		D8A9E295286A0E51000ACF9A /* Debug */ = {
			isa = XCBuildConfiguration;
			buildSettings = {
				BUNDLE_LOADER = "$(TEST_HOST)";
				CODE_SIGN_STYLE = Automatic;
				CURRENT_PROJECT_VERSION = 1;
				DEVELOPMENT_TEAM = QHGU34F67Y;
				GENERATE_INFOPLIST_FILE = YES;
				IPHONEOS_DEPLOYMENT_TARGET = 15.5;
				MARKETING_VERSION = 1.0;
				PRODUCT_BUNDLE_IDENTIFIER = "com.lilyyang.Parse-ChatTests";
				PRODUCT_NAME = "$(TARGET_NAME)";
				SWIFT_EMIT_LOC_STRINGS = NO;
				TARGETED_DEVICE_FAMILY = "1,2";
				TEST_HOST = "$(BUILT_PRODUCTS_DIR)/Parse Chat.app/Parse Chat";
			};
			name = Debug;
		};
		D8A9E296286A0E51000ACF9A /* Release */ = {
			isa = XCBuildConfiguration;
			buildSettings = {
				BUNDLE_LOADER = "$(TEST_HOST)";
				CODE_SIGN_STYLE = Automatic;
				CURRENT_PROJECT_VERSION = 1;
				DEVELOPMENT_TEAM = QHGU34F67Y;
				GENERATE_INFOPLIST_FILE = YES;
				IPHONEOS_DEPLOYMENT_TARGET = 15.5;
				MARKETING_VERSION = 1.0;
				PRODUCT_BUNDLE_IDENTIFIER = "com.lilyyang.Parse-ChatTests";
				PRODUCT_NAME = "$(TARGET_NAME)";
				SWIFT_EMIT_LOC_STRINGS = NO;
				TARGETED_DEVICE_FAMILY = "1,2";
				TEST_HOST = "$(BUILT_PRODUCTS_DIR)/Parse Chat.app/Parse Chat";
			};
			name = Release;
		};
		D8A9E298286A0E51000ACF9A /* Debug */ = {
			isa = XCBuildConfiguration;
			buildSettings = {
				CODE_SIGN_STYLE = Automatic;
				CURRENT_PROJECT_VERSION = 1;
				DEVELOPMENT_TEAM = QHGU34F67Y;
				GENERATE_INFOPLIST_FILE = YES;
				MARKETING_VERSION = 1.0;
				PRODUCT_BUNDLE_IDENTIFIER = "com.lilyyang.Parse-ChatUITests";
				PRODUCT_NAME = "$(TARGET_NAME)";
				SWIFT_EMIT_LOC_STRINGS = NO;
				TARGETED_DEVICE_FAMILY = "1,2";
				TEST_TARGET_NAME = "Parse Chat";
			};
			name = Debug;
		};
		D8A9E299286A0E51000ACF9A /* Release */ = {
			isa = XCBuildConfiguration;
			buildSettings = {
				CODE_SIGN_STYLE = Automatic;
				CURRENT_PROJECT_VERSION = 1;
				DEVELOPMENT_TEAM = QHGU34F67Y;
				GENERATE_INFOPLIST_FILE = YES;
				MARKETING_VERSION = 1.0;
				PRODUCT_BUNDLE_IDENTIFIER = "com.lilyyang.Parse-ChatUITests";
				PRODUCT_NAME = "$(TARGET_NAME)";
				SWIFT_EMIT_LOC_STRINGS = NO;
				TARGETED_DEVICE_FAMILY = "1,2";
				TEST_TARGET_NAME = "Parse Chat";
			};
			name = Release;
		};
/* End XCBuildConfiguration section */

/* Begin XCConfigurationList section */
		D8A9E25D286A0E4F000ACF9A /* Build configuration list for PBXProject "Parse Chat" */ = {
			isa = XCConfigurationList;
			buildConfigurations = (
				D8A9E28F286A0E51000ACF9A /* Debug */,
				D8A9E290286A0E51000ACF9A /* Release */,
			);
			defaultConfigurationIsVisible = 0;
			defaultConfigurationName = Release;
		};
		D8A9E291286A0E51000ACF9A /* Build configuration list for PBXNativeTarget "Parse Chat" */ = {
			isa = XCConfigurationList;
			buildConfigurations = (
				D8A9E292286A0E51000ACF9A /* Debug */,
				D8A9E293286A0E51000ACF9A /* Release */,
			);
			defaultConfigurationIsVisible = 0;
			defaultConfigurationName = Release;
		};
		D8A9E294286A0E51000ACF9A /* Build configuration list for PBXNativeTarget "Parse ChatTests" */ = {
			isa = XCConfigurationList;
			buildConfigurations = (
				D8A9E295286A0E51000ACF9A /* Debug */,
				D8A9E296286A0E51000ACF9A /* Release */,
			);
			defaultConfigurationIsVisible = 0;
			defaultConfigurationName = Release;
		};
		D8A9E297286A0E51000ACF9A /* Build configuration list for PBXNativeTarget "Parse ChatUITests" */ = {
			isa = XCConfigurationList;
			buildConfigurations = (
				D8A9E298286A0E51000ACF9A /* Debug */,
				D8A9E299286A0E51000ACF9A /* Release */,
			);
			defaultConfigurationIsVisible = 0;
			defaultConfigurationName = Release;
		};
/* End XCConfigurationList section */
	};
	rootObject = D8A9E25A286A0E4F000ACF9A /* Project object */;
}
